
Microsoft Visual Studio Solution File, Format Version 12.00
# Visual Studio 15
VisualStudioVersion = 15.0.28016.0
MinimumVisualStudioVersion = 10.0.40219.1
Project("{FAE04EC0-301F-11D3-BF4B-00C04F79EFBC}") = "Exercise1", "Exercise1\Exercise1.csproj", "{514C5A4B-1AFC-400A-ADFB-1595789C5E4F}"
EndProject
Project("{FAE04EC0-301F-11D3-BF4B-00C04F79EFBC}") = "Exercise2", "Exercise2\Exercise2.csproj", "{00A5EC48-65D0-4255-8709-AA5DD5E11D11}"
EndProject
Project("{FAE04EC0-301F-11D3-BF4B-00C04F79EFBC}") = "Exercise3", "Exercise3\Exercise3.csproj", "{A86AE12C-49ED-4479-A9BC-5ED75018C165}"
EndProject
Project("{FAE04EC0-301F-11D3-BF4B-00C04F79EFBC}") = "Exercise4", "Exercise4\Exercise4.csproj", "{24955DF3-7462-4416-860A-2A785F6FD460}"
EndProject
Project("{FAE04EC0-301F-11D3-BF4B-00C04F79EFBC}") = "Exercise6", "Exercise5\Exercise6.csproj", "{94F55DB4-C411-4A76-87F2-E1ADF2F65F85}"
EndProject
Global
	GlobalSection(SolutionConfigurationPlatforms) = preSolution
		Debug|Any CPU = Debug|Any CPU
		Release|Any CPU = Release|Any CPU
	EndGlobalSection
	GlobalSection(ProjectConfigurationPlatforms) = postSolution
		{514C5A4B-1AFC-400A-ADFB-1595789C5E4F}.Debug|Any CPU.ActiveCfg = Debug|Any CPU
		{514C5A4B-1AFC-400A-ADFB-1595789C5E4F}.Debug|Any CPU.Build.0 = Debug|Any CPU
		{514C5A4B-1AFC-400A-ADFB-1595789C5E4F}.Release|Any CPU.ActiveCfg = Release|Any CPU
		{514C5A4B-1AFC-400A-ADFB-1595789C5E4F}.Release|Any CPU.Build.0 = Release|Any CPU
		{00A5EC48-65D0-4255-8709-AA5DD5E11D11}.Debug|Any CPU.ActiveCfg = Debug|Any CPU
		{00A5EC48-65D0-4255-8709-AA5DD5E11D11}.Debug|Any CPU.Build.0 = Debug|Any CPU
		{00A5EC48-65D0-4255-8709-AA5DD5E11D11}.Release|Any CPU.ActiveCfg = Release|Any CPU
		{00A5EC48-65D0-4255-8709-AA5DD5E11D11}.Release|Any CPU.Build.0 = Release|Any CPU
		{A86AE12C-49ED-4479-A9BC-5ED75018C165}.Debug|Any CPU.ActiveCfg = Debug|Any CPU
		{A86AE12C-49ED-4479-A9BC-5ED75018C165}.Debug|Any CPU.Build.0 = Debug|Any CPU
		{A86AE12C-49ED-4479-A9BC-5ED75018C165}.Release|Any CPU.ActiveCfg = Release|Any CPU
		{A86AE12C-49ED-4479-A9BC-5ED75018C165}.Release|Any CPU.Build.0 = Release|Any CPU
		{24955DF3-7462-4416-860A-2A785F6FD460}.Debug|Any CPU.ActiveCfg = Debug|Any CPU
		{24955DF3-7462-4416-860A-2A785F6FD460}.Debug|Any CPU.Build.0 = Debug|Any CPU
		{24955DF3-7462-4416-860A-2A785F6FD460}.Release|Any CPU.ActiveCfg = Release|Any CPU
		{24955DF3-7462-4416-860A-2A785F6FD460}.Release|Any CPU.Build.0 = Release|Any CPU
		{94F55DB4-C411-4A76-87F2-E1ADF2F65F85}.Debug|Any CPU.ActiveCfg = Debug|Any CPU
		{94F55DB4-C411-4A76-87F2-E1ADF2F65F85}.Debug|Any CPU.Build.0 = Debug|Any CPU
		{94F55DB4-C411-4A76-87F2-E1ADF2F65F85}.Release|Any CPU.ActiveCfg = Release|Any CPU
		{94F55DB4-C411-4A76-87F2-E1ADF2F65F85}.Release|Any CPU.Build.0 = Release|Any CPU
	EndGlobalSection
	GlobalSection(SolutionProperties) = preSolution
		HideSolutionNode = FALSE
	EndGlobalSection
	GlobalSection(ExtensibilityGlobals) = postSolution
		SolutionGuid = {F402379A-8A75-47BF-9F7D-3B624DF4ABA6}
	EndGlobalSection
EndGlobal
